// !$*UTF8*$!
{
	archiveVersion = 1;
	classes = {
	};
	objectVersion = 51;
	objects = {

/* Begin PBXBuildFile section */
		1FB3333DFEF12A03CB0F8BB5 /* Pods_ChuckJoke.framework in Frameworks */ = {isa = PBXBuildFile; fileRef = 4DEC319100814E8D64359A8A /* Pods_ChuckJoke.framework */; };
		56064047272A161800E8EA99 /* AppDelegate.swift in Sources */ = {isa = PBXBuildFile; fileRef = 56064046272A161800E8EA99 /* AppDelegate.swift */; };
		56064049272A161800E8EA99 /* SceneDelegate.swift in Sources */ = {isa = PBXBuildFile; fileRef = 56064048272A161800E8EA99 /* SceneDelegate.swift */; };
		5606404B272A161800E8EA99 /* ViewController.swift in Sources */ = {isa = PBXBuildFile; fileRef = 5606404A272A161800E8EA99 /* ViewController.swift */; };
		5606404E272A161800E8EA99 /* Main.storyboard in Resources */ = {isa = PBXBuildFile; fileRef = 5606404C272A161800E8EA99 /* Main.storyboard */; };
		56064051272A161800E8EA99 /* ChuckJoke.xcdatamodeld in Sources */ = {isa = PBXBuildFile; fileRef = 5606404F272A161800E8EA99 /* ChuckJoke.xcdatamodeld */; };
		56064053272A162400E8EA99 /* Assets.xcassets in Resources */ = {isa = PBXBuildFile; fileRef = 56064052272A162400E8EA99 /* Assets.xcassets */; };
		56064056272A162400E8EA99 /* LaunchScreen.storyboard in Resources */ = {isa = PBXBuildFile; fileRef = 56064054272A162400E8EA99 /* LaunchScreen.storyboard */; };
		56064066272A16E800E8EA99 /* JokeInfoController.swift in Sources */ = {isa = PBXBuildFile; fileRef = 56064065272A16E800E8EA99 /* JokeInfoController.swift */; };
		5606406A272A174200E8EA99 /* JokeInfo.swift in Sources */ = {isa = PBXBuildFile; fileRef = 56064069272A174200E8EA99 /* JokeInfo.swift */; };
/* End PBXBuildFile section */

/* Begin PBXFileReference section */
		3DB04E295E772D8DB68A5A86 /* Pods-ChuckJoke.release.xcconfig */ = {isa = PBXFileReference; includeInIndex = 1; lastKnownFileType = text.xcconfig; name = "Pods-ChuckJoke.release.xcconfig"; path = "Target Support Files/Pods-ChuckJoke/Pods-ChuckJoke.release.xcconfig"; sourceTree = "<group>"; };
		4DEC319100814E8D64359A8A /* Pods_ChuckJoke.framework */ = {isa = PBXFileReference; explicitFileType = wrapper.framework; includeInIndex = 0; path = Pods_ChuckJoke.framework; sourceTree = BUILT_PRODUCTS_DIR; };
		56064043272A161800E8EA99 /* ChuckJoke.app */ = {isa = PBXFileReference; explicitFileType = wrapper.application; includeInIndex = 0; path = ChuckJoke.app; sourceTree = BUILT_PRODUCTS_DIR; };
		56064046272A161800E8EA99 /* AppDelegate.swift */ = {isa = PBXFileReference; lastKnownFileType = sourcecode.swift; path = AppDelegate.swift; sourceTree = "<group>"; };
		56064048272A161800E8EA99 /* SceneDelegate.swift */ = {isa = PBXFileReference; lastKnownFileType = sourcecode.swift; path = SceneDelegate.swift; sourceTree = "<group>"; };
		5606404A272A161800E8EA99 /* ViewController.swift */ = {isa = PBXFileReference; lastKnownFileType = sourcecode.swift; path = ViewController.swift; sourceTree = "<group>"; };
		5606404D272A161800E8EA99 /* Base */ = {isa = PBXFileReference; lastKnownFileType = file.storyboard; name = Base; path = Base.lproj/Main.storyboard; sourceTree = "<group>"; };
		56064050272A161800E8EA99 /* ChuckJoke.xcdatamodel */ = {isa = PBXFileReference; lastKnownFileType = wrapper.xcdatamodel; path = ChuckJoke.xcdatamodel; sourceTree = "<group>"; };
		56064052272A162400E8EA99 /* Assets.xcassets */ = {isa = PBXFileReference; lastKnownFileType = folder.assetcatalog; path = Assets.xcassets; sourceTree = "<group>"; };
		56064055272A162400E8EA99 /* Base */ = {isa = PBXFileReference; lastKnownFileType = file.storyboard; name = Base; path = Base.lproj/LaunchScreen.storyboard; sourceTree = "<group>"; };
		56064057272A162400E8EA99 /* Info.plist */ = {isa = PBXFileReference; lastKnownFileType = text.plist.xml; path = Info.plist; sourceTree = "<group>"; };
		56064065272A16E800E8EA99 /* JokeInfoController.swift */ = {isa = PBXFileReference; lastKnownFileType = sourcecode.swift; path = JokeInfoController.swift; sourceTree = "<group>"; };
		56064069272A174200E8EA99 /* JokeInfo.swift */ = {isa = PBXFileReference; lastKnownFileType = sourcecode.swift; path = JokeInfo.swift; sourceTree = "<group>"; };
		DCDE21C20C850DECCD3AC820 /* Pods-ChuckJoke.debug.xcconfig */ = {isa = PBXFileReference; includeInIndex = 1; lastKnownFileType = text.xcconfig; name = "Pods-ChuckJoke.debug.xcconfig"; path = "Target Support Files/Pods-ChuckJoke/Pods-ChuckJoke.debug.xcconfig"; sourceTree = "<group>"; };
/* End PBXFileReference section */

/* Begin PBXFrameworksBuildPhase section */
		56064040272A161800E8EA99 /* Frameworks */ = {
			isa = PBXFrameworksBuildPhase;
			buildActionMask = 2147483647;
			files = (
				1FB3333DFEF12A03CB0F8BB5 /* Pods_ChuckJoke.framework in Frameworks */,
			);
			runOnlyForDeploymentPostprocessing = 0;
		};
/* End PBXFrameworksBuildPhase section */

/* Begin PBXGroup section */
		5606403A272A161800E8EA99 = {
			isa = PBXGroup;
			children = (
				56064045272A161800E8EA99 /* ChuckJoke */,
				56064044272A161800E8EA99 /* Products */,
				C1B6AC4695699B403811E261 /* Pods */,
				EA891A6F7D731C6FA37CAFFC /* Frameworks */,
			);
			sourceTree = "<group>";
		};
		56064044272A161800E8EA99 /* Products */ = {
			isa = PBXGroup;
			children = (
				56064043272A161800E8EA99 /* ChuckJoke.app */,
			);
			name = Products;
			sourceTree = "<group>";
		};
		56064045272A161800E8EA99 /* ChuckJoke */ = {
			isa = PBXGroup;
			children = (
				56064046272A161800E8EA99 /* AppDelegate.swift */,
				56064064272A16A900E8EA99 /* Controller */,
				56064048272A161800E8EA99 /* SceneDelegate.swift */,
				56064061272A169100E8EA99 /* Model */,
				56064063272A169700E8EA99 /* View */,
				56064052272A162400E8EA99 /* Assets.xcassets */,
				56064054272A162400E8EA99 /* LaunchScreen.storyboard */,
				56064057272A162400E8EA99 /* Info.plist */,
				5606404F272A161800E8EA99 /* ChuckJoke.xcdatamodeld */,
			);
			path = ChuckJoke;
			sourceTree = "<group>";
		};
		56064061272A169100E8EA99 /* Model */ = {
			isa = PBXGroup;
			children = (
				56064069272A174200E8EA99 /* JokeInfo.swift */,
			);
			path = Model;
			sourceTree = "<group>";
		};
		56064063272A169700E8EA99 /* View */ = {
			isa = PBXGroup;
			children = (
				5606404A272A161800E8EA99 /* ViewController.swift */,
				5606404C272A161800E8EA99 /* Main.storyboard */,
			);
			path = View;
			sourceTree = "<group>";
		};
		56064064272A16A900E8EA99 /* Controller */ = {
			isa = PBXGroup;
			children = (
				56064065272A16E800E8EA99 /* JokeInfoController.swift */,
			);
			path = Controller;
			sourceTree = "<group>";
		};
		C1B6AC4695699B403811E261 /* Pods */ = {
			isa = PBXGroup;
			children = (
				DCDE21C20C850DECCD3AC820 /* Pods-ChuckJoke.debug.xcconfig */,
				3DB04E295E772D8DB68A5A86 /* Pods-ChuckJoke.release.xcconfig */,
			);
			path = Pods;
			sourceTree = "<group>";
		};
		EA891A6F7D731C6FA37CAFFC /* Frameworks */ = {
			isa = PBXGroup;
			children = (
				4DEC319100814E8D64359A8A /* Pods_ChuckJoke.framework */,
			);
			name = Frameworks;
			sourceTree = "<group>";
		};
/* End PBXGroup section */

/* Begin PBXNativeTarget section */
		56064042272A161800E8EA99 /* ChuckJoke */ = {
			isa = PBXNativeTarget;
			buildConfigurationList = 5606405A272A162400E8EA99 /* Build configuration list for PBXNativeTarget "ChuckJoke" */;
			buildPhases = (
				691961A9FB7594D4E12FC5E3 /* [CP] Check Pods Manifest.lock */,
				5606403F272A161800E8EA99 /* Sources */,
				56064040272A161800E8EA99 /* Frameworks */,
				56064041272A161800E8EA99 /* Resources */,
				773BCB2BD59A628E03A911B4 /* [CP] Embed Pods Frameworks */,
			);
			buildRules = (
			);
			dependencies = (
			);
			name = ChuckJoke;
			productName = ChuckJoke;
			productReference = 56064043272A161800E8EA99 /* ChuckJoke.app */;
			productType = "com.apple.product-type.application";
		};
/* End PBXNativeTarget section */

/* Begin PBXProject section */
		5606403B272A161800E8EA99 /* Project object */ = {
			isa = PBXProject;
			attributes = {
				LastSwiftUpdateCheck = 1240;
				LastUpgradeCheck = 1240;
				TargetAttributes = {
					56064042272A161800E8EA99 = {
						CreatedOnToolsVersion = 12.4;
					};
				};
			};
			buildConfigurationList = 5606403E272A161800E8EA99 /* Build configuration list for PBXProject "ChuckJoke" */;
			compatibilityVersion = "Xcode 9.3";
			developmentRegion = en;
			hasScannedForEncodings = 0;
			knownRegions = (
				en,
				Base,
			);
			mainGroup = 5606403A272A161800E8EA99;
			productRefGroup = 56064044272A161800E8EA99 /* Products */;
			projectDirPath = "";
			projectRoot = "";
			targets = (
				56064042272A161800E8EA99 /* ChuckJoke */,
			);
		};
/* End PBXProject section */

/* Begin PBXResourcesBuildPhase section */
		56064041272A161800E8EA99 /* Resources */ = {
			isa = PBXResourcesBuildPhase;
			buildActionMask = 2147483647;
			files = (
				56064056272A162400E8EA99 /* LaunchScreen.storyboard in Resources */,
				56064053272A162400E8EA99 /* Assets.xcassets in Resources */,
				5606404E272A161800E8EA99 /* Main.storyboard in Resources */,
			);
			runOnlyForDeploymentPostprocessing = 0;
		};
/* End PBXResourcesBuildPhase section */

/* Begin PBXShellScriptBuildPhase section */
		691961A9FB7594D4E12FC5E3 /* [CP] Check Pods Manifest.lock */ = {
			isa = PBXShellScriptBuildPhase;
			buildActionMask = 2147483647;
			files = (
			);
			inputFileListPaths = (
			);
			inputPaths = (
				"${PODS_PODFILE_DIR_PATH}/Podfile.lock",
				"${PODS_ROOT}/Manifest.lock",
			);
			name = "[CP] Check Pods Manifest.lock";
			outputFileListPaths = (
			);
			outputPaths = (
				"$(DERIVED_FILE_DIR)/Pods-ChuckJoke-checkManifestLockResult.txt",
			);
			runOnlyForDeploymentPostprocessing = 0;
			shellPath = /bin/sh;
			shellScript = "diff \"${PODS_PODFILE_DIR_PATH}/Podfile.lock\" \"${PODS_ROOT}/Manifest.lock\" > /dev/null\nif [ $? != 0 ] ; then\n    # print error to STDERR\n    echo \"error: The sandbox is not in sync with the Podfile.lock. Run 'pod install' or update your CocoaPods installation.\" >&2\n    exit 1\nfi\n# This output is used by Xcode 'outputs' to avoid re-running this script phase.\necho \"SUCCESS\" > \"${SCRIPT_OUTPUT_FILE_0}\"\n";
			showEnvVarsInLog = 0;
		};
		773BCB2BD59A628E03A911B4 /* [CP] Embed Pods Frameworks */ = {
			isa = PBXShellScriptBuildPhase;
			buildActionMask = 2147483647;
			files = (
			);
			inputFileListPaths = (
				"${PODS_ROOT}/Target Support Files/Pods-ChuckJoke/Pods-ChuckJoke-frameworks-${CONFIGURATION}-input-files.xcfilelist",
			);
			name = "[CP] Embed Pods Frameworks";
			outputFileListPaths = (
				"${PODS_ROOT}/Target Support Files/Pods-ChuckJoke/Pods-ChuckJoke-frameworks-${CONFIGURATION}-output-files.xcfilelist",
			);
			runOnlyForDeploymentPostprocessing = 0;
			shellPath = /bin/sh;
			shellScript = "\"${PODS_ROOT}/Target Support Files/Pods-ChuckJoke/Pods-ChuckJoke-frameworks.sh\"\n";
			showEnvVarsInLog = 0;
		};
/* End PBXShellScriptBuildPhase section */

/* Begin PBXSourcesBuildPhase section */
		5606403F272A161800E8EA99 /* Sources */ = {
			isa = PBXSourcesBuildPhase;
			buildActionMask = 2147483647;
			files = (
				5606404B272A161800E8EA99 /* ViewController.swift in Sources */,
				56064051272A161800E8EA99 /* ChuckJoke.xcdatamodeld in Sources */,
				5606406A272A174200E8EA99 /* JokeInfo.swift in Sources */,
				56064066272A16E800E8EA99 /* JokeInfoController.swift in Sources */,
				56064047272A161800E8EA99 /* AppDelegate.swift in Sources */,
				56064049272A161800E8EA99 /* SceneDelegate.swift in Sources */,
			);
			runOnlyForDeploymentPostprocessing = 0;
		};
/* End PBXSourcesBuildPhase section */

/* Begin PBXVariantGroup section */
		5606404C272A161800E8EA99 /* Main.storyboard */ = {
			isa = PBXVariantGroup;
			children = (
				5606404D272A161800E8EA99 /* Base */,
			);
			name = Main.storyboard;
			sourceTree = "<group>";
		};
		56064054272A162400E8EA99 /* LaunchScreen.storyboard */ = {
			isa = PBXVariantGroup;
			children = (
				56064055272A162400E8EA99 /* Base */,
			);
			name = LaunchScreen.storyboard;
			sourceTree = "<group>";
		};
/* End PBXVariantGroup section */

/* Begin XCBuildConfiguration section */
		56064058272A162400E8EA99 /* Debug */ = {
			isa = XCBuildConfiguration;
			buildSettings = {
				ALWAYS_SEARCH_USER_PATHS = NO;
				CLANG_ANALYZER_NONNULL = YES;
				CLANG_ANALYZER_NUMBER_OBJECT_CONVERSION = YES_AGGRESSIVE;
				CLANG_CXX_LANGUAGE_STANDARD = "gnu++14";
				CLANG_CXX_LIBRARY = "libc++";
				CLANG_ENABLE_MODULES = YES;
				CLANG_ENABLE_OBJC_ARC = YES;
				CLANG_ENABLE_OBJC_WEAK = YES;
				CLANG_WARN_BLOCK_CAPTURE_AUTORELEASING = YES;
				CLANG_WARN_BOOL_CONVERSION = YES;
				CLANG_WARN_COMMA = YES;
				CLANG_WARN_CONSTANT_CONVERSION = YES;
				CLANG_WARN_DEPRECATED_OBJC_IMPLEMENTATIONS = YES;
				CLANG_WARN_DIRECT_OBJC_ISA_USAGE = YES_ERROR;
				CLANG_WARN_DOCUMENTATION_COMMENTS = YES;
				CLANG_WARN_EMPTY_BODY = YES;
				CLANG_WARN_ENUM_CONVERSION = YES;
				CLANG_WARN_INFINITE_RECURSION = YES;
				CLANG_WARN_INT_CONVERSION = YES;
				CLANG_WARN_NON_LITERAL_NULL_CONVERSION = YES;
				CLANG_WARN_OBJC_IMPLICIT_RETAIN_SELF = YES;
				CLANG_WARN_OBJC_LITERAL_CONVERSION = YES;
				CLANG_WARN_OBJC_ROOT_CLASS = YES_ERROR;
				CLANG_WARN_QUOTED_INCLUDE_IN_FRAMEWORK_HEADER = YES;
				CLANG_WARN_RANGE_LOOP_ANALYSIS = YES;
				CLANG_WARN_STRICT_PROTOTYPES = YES;
				CLANG_WARN_SUSPICIOUS_MOVE = YES;
				CLANG_WARN_UNGUARDED_AVAILABILITY = YES_AGGRESSIVE;
				CLANG_WARN_UNREACHABLE_CODE = YES;
				CLANG_WARN__DUPLICATE_METHOD_MATCH = YES;
				COPY_PHASE_STRIP = NO;
				DEBUG_INFORMATION_FORMAT = dwarf;
				ENABLE_STRICT_OBJC_MSGSEND = YES;
				ENABLE_TESTABILITY = YES;
				GCC_C_LANGUAGE_STANDARD = gnu11;
				GCC_DYNAMIC_NO_PIC = NO;
				GCC_NO_COMMON_BLOCKS = YES;
				GCC_OPTIMIZATION_LEVEL = 0;
				GCC_PREPROCESSOR_DEFINITIONS = (
					"DEBUG=1",
					"$(inherited)",
				);
				GCC_WARN_64_TO_32_BIT_CONVERSION = YES;
				GCC_WARN_ABOUT_RETURN_TYPE = YES_ERROR;
				GCC_WARN_UNDECLARED_SELECTOR = YES;
				GCC_WARN_UNINITIALIZED_AUTOS = YES_AGGRESSIVE;
				GCC_WARN_UNUSED_FUNCTION = YES;
				GCC_WARN_UNUSED_VARIABLE = YES;
				IPHONEOS_DEPLOYMENT_TARGET = 14.4;
				MTL_ENABLE_DEBUG_INFO = INCLUDE_SOURCE;
				MTL_FAST_MATH = YES;
				ONLY_ACTIVE_ARCH = YES;
				SDKROOT = iphoneos;
				SWIFT_ACTIVE_COMPILATION_CONDITIONS = DEBUG;
				SWIFT_OPTIMIZATION_LEVEL = "-Onone";
			};
			name = Debug;
		};
		56064059272A162400E8EA99 /* Release */ = {
			isa = XCBuildConfiguration;
			buildSettings = {
				ALWAYS_SEARCH_USER_PATHS = NO;
				CLANG_ANALYZER_NONNULL = YES;
				CLANG_ANALYZER_NUMBER_OBJECT_CONVERSION = YES_AGGRESSIVE;
				CLANG_CXX_LANGUAGE_STANDARD = "gnu++14";
				CLANG_CXX_LIBRARY = "libc++";
				CLANG_ENABLE_MODULES = YES;
				CLANG_ENABLE_OBJC_ARC = YES;
				CLANG_ENABLE_OBJC_WEAK = YES;
				CLANG_WARN_BLOCK_CAPTURE_AUTORELEASING = YES;
				CLANG_WARN_BOOL_CONVERSION = YES;
				CLANG_WARN_COMMA = YES;
				CLANG_WARN_CONSTANT_CONVERSION = YES;
				CLANG_WARN_DEPRECATED_OBJC_IMPLEMENTATIONS = YES;
				CLANG_WARN_DIRECT_OBJC_ISA_USAGE = YES_ERROR;
				CLANG_WARN_DOCUMENTATION_COMMENTS = YES;
				CLANG_WARN_EMPTY_BODY = YES;
				CLANG_WARN_ENUM_CONVERSION = YES;
				CLANG_WARN_INFINITE_RECURSION = YES;
				CLANG_WARN_INT_CONVERSION = YES;
				CLANG_WARN_NON_LITERAL_NULL_CONVERSION = YES;
				CLANG_WARN_OBJC_IMPLICIT_RETAIN_SELF = YES;
				CLANG_WARN_OBJC_LITERAL_CONVERSION = YES;
				CLANG_WARN_OBJC_ROOT_CLASS = YES_ERROR;
				CLANG_WARN_QUOTED_INCLUDE_IN_FRAMEWORK_HEADER = YES;
				CLANG_WARN_RANGE_LOOP_ANALYSIS = YES;
				CLANG_WARN_STRICT_PROTOTYPES = YES;
				CLANG_WARN_SUSPICIOUS_MOVE = YES;
				CLANG_WARN_UNGUARDED_AVAILABILITY = YES_AGGRESSIVE;
				CLANG_WARN_UNREACHABLE_CODE = YES;
				CLANG_WARN__DUPLICATE_METHOD_MATCH = YES;
				COPY_PHASE_STRIP = NO;
				DEBUG_INFORMATION_FORMAT = "dwarf-with-dsym";
				ENABLE_NS_ASSERTIONS = NO;
				ENABLE_STRICT_OBJC_MSGSEND = YES;
				GCC_C_LANGUAGE_STANDARD = gnu11;
				GCC_NO_COMMON_BLOCKS = YES;
				GCC_WARN_64_TO_32_BIT_CONVERSION = YES;
				GCC_WARN_ABOUT_RETURN_TYPE = YES_ERROR;
				GCC_WARN_UNDECLARED_SELECTOR = YES;
				GCC_WARN_UNINITIALIZED_AUTOS = YES_AGGRESSIVE;
				GCC_WARN_UNUSED_FUNCTION = YES;
				GCC_WARN_UNUSED_VARIABLE = YES;
				IPHONEOS_DEPLOYMENT_TARGET = 14.4;
				MTL_ENABLE_DEBUG_INFO = NO;
				MTL_FAST_MATH = YES;
				SDKROOT = iphoneos;
				SWIFT_COMPILATION_MODE = wholemodule;
				SWIFT_OPTIMIZATION_LEVEL = "-O";
				VALIDATE_PRODUCT = YES;
			};
			name = Release;
		};
		5606405B272A162400E8EA99 /* Debug */ = {
			isa = XCBuildConfiguration;
			baseConfigurationReference = DCDE21C20C850DECCD3AC820 /* Pods-ChuckJoke.debug.xcconfig */;
			buildSettings = {
				ASSETCATALOG_COMPILER_APPICON_NAME = AppIcon;
				ASSETCATALOG_COMPILER_GLOBAL_ACCENT_COLOR_NAME = AccentColor;
				CODE_SIGN_STYLE = Automatic;
				INFOPLIST_FILE = ChuckJoke/Info.plist;
				LD_RUNPATH_SEARCH_PATHS = (
					"$(inherited)",
					"@executable_path/Frameworks",
				);
				PRODUCT_BUNDLE_IDENTIFIER = DanielIgnacio.ChuckJoke;
				PRODUCT_NAME = "$(TARGET_NAME)";
				SWIFT_VERSION = 5.0;
				TARGETED_DEVICE_FAMILY = "1,2";
			};
			name = Debug;
		};
		5606405C272A162400E8EA99 /* Release */ = {
			isa = XCBuildConfiguration;
			baseConfigurationReference = 3DB04E295E772D8DB68A5A86 /* Pods-ChuckJoke.release.xcconfig */;
			buildSettings = {
				ASSETCATALOG_COMPILER_APPICON_NAME = AppIcon;
				ASSETCATALOG_COMPILER_GLOBAL_ACCENT_COLOR_NAME = AccentColor;
				CODE_SIGN_STYLE = Automatic;
				INFOPLIST_FILE = ChuckJoke/Info.plist;
				LD_RUNPATH_SEARCH_PATHS = (
					"$(inherited)",
					"@executable_path/Frameworks",
				);
				PRODUCT_BUNDLE_IDENTIFIER = DanielIgnacio.ChuckJoke;
				PRODUCT_NAME = "$(TARGET_NAME)";
				SWIFT_VERSION = 5.0;
				TARGETED_DEVICE_FAMILY = "1,2";
			};
			name = Release;
		};
/* End XCBuildConfiguration section */

/* Begin XCConfigurationList section */
		5606403E272A161800E8EA99 /* Build configuration list for PBXProject "ChuckJoke" */ = {
			isa = XCConfigurationList;
			buildConfigurations = (
				56064058272A162400E8EA99 /* Debug */,
				56064059272A162400E8EA99 /* Release */,
			);
			defaultConfigurationIsVisible = 0;
			defaultConfigurationName = Release;
		};
		5606405A272A162400E8EA99 /* Build configuration list for PBXNativeTarget "ChuckJoke" */ = {
			isa = XCConfigurationList;
			buildConfigurations = (
				5606405B272A162400E8EA99 /* Debug */,
				5606405C272A162400E8EA99 /* Release */,
			);
			defaultConfigurationIsVisible = 0;
			defaultConfigurationName = Release;
		};
/* End XCConfigurationList section */

/* Begin XCVersionGroup section */
		5606404F272A161800E8EA99 /* ChuckJoke.xcdatamodeld */ = {
			isa = XCVersionGroup;
			children = (
				56064050272A161800E8EA99 /* ChuckJoke.xcdatamodel */,
			);
			currentVersion = 56064050272A161800E8EA99 /* ChuckJoke.xcdatamodel */;
			path = ChuckJoke.xcdatamodeld;
			sourceTree = "<group>";
			versionGroupType = wrapper.xcdatamodel;
		};
/* End XCVersionGroup section */
	};
	rootObject = 5606403B272A161800E8EA99 /* Project object */;
}
